// !$*UTF8*$!
{
	archiveVersion = 1;
	classes = {
	};
	objectVersion = 46;
	objects = {

/* Begin PBXBuildFile section */
		710067411E89504F0074CFED /* AppDelegate.swift in Sources */ = {isa = PBXBuildFile; fileRef = 710067401E89504F0074CFED /* AppDelegate.swift */; };
		710067431E89504F0074CFED /* ViewController.swift in Sources */ = {isa = PBXBuildFile; fileRef = 710067421E89504F0074CFED /* ViewController.swift */; };
		710067461E89504F0074CFED /* Main.storyboard in Resources */ = {isa = PBXBuildFile; fileRef = 710067441E89504F0074CFED /* Main.storyboard */; };
		710067481E89504F0074CFED /* Assets.xcassets in Resources */ = {isa = PBXBuildFile; fileRef = 710067471E89504F0074CFED /* Assets.xcassets */; };
		7100674B1E89504F0074CFED /* LaunchScreen.storyboard in Resources */ = {isa = PBXBuildFile; fileRef = 710067491E89504F0074CFED /* LaunchScreen.storyboard */; };
		7107FC441E897180003F6E93 /* MenuViewController.swift in Sources */ = {isa = PBXBuildFile; fileRef = 7107FC431E897180003F6E93 /* MenuViewController.swift */; };
		7107FC461E89779F003F6E93 /* SubjectViewController.swift in Sources */ = {isa = PBXBuildFile; fileRef = 7107FC451E89779F003F6E93 /* SubjectViewController.swift */; };
		7107FC481E898A46003F6E93 /* xx.jpg in Resources */ = {isa = PBXBuildFile; fileRef = 7107FC471E898A46003F6E93 /* xx.jpg */; };
		7156B88E1EA8BBDD009B0B6C /* EditSubjectViewController.swift in Sources */ = {isa = PBXBuildFile; fileRef = 7156B88D1EA8BBDD009B0B6C /* EditSubjectViewController.swift */; };
		7164C69B1E8BAC6800028E75 /* flat-face-icon-23.png in Resources */ = {isa = PBXBuildFile; fileRef = 7164C69A1E8BAC6800028E75 /* flat-face-icon-23.png */; };
		7183E7581EB09974001AC417 /* EduMate_Login.jpg in Resources */ = {isa = PBXBuildFile; fileRef = 7183E7571EB09974001AC417 /* EduMate_Login.jpg */; };
		7183E75A1EB09AB9001AC417 /* EduMate Icon Logo.png in Resources */ = {isa = PBXBuildFile; fileRef = 7183E7591EB09AB9001AC417 /* EduMate Icon Logo.png */; };
		719AF6751EA79E7000017AD4 /* GoogleService-Info.plist in Resources */ = {isa = PBXBuildFile; fileRef = 719AF6741EA79E7000017AD4 /* GoogleService-Info.plist */; };
		F36BE408F626E43595CD7C01 /* Pods_EduMate.framework in Frameworks */ = {isa = PBXBuildFile; fileRef = B40F1E5258518A28A449E670 /* Pods_EduMate.framework */; };
/* End PBXBuildFile section */

/* Begin PBXFileReference section */
		1F812460D452CE1FD1BDA2B3 /* Pods-EduMate.release.xcconfig */ = {isa = PBXFileReference; includeInIndex = 1; lastKnownFileType = text.xcconfig; name = "Pods-EduMate.release.xcconfig"; path = "Pods/Target Support Files/Pods-EduMate/Pods-EduMate.release.xcconfig"; sourceTree = "<group>"; };
		7100673D1E89504F0074CFED /* EduMate.app */ = {isa = PBXFileReference; explicitFileType = wrapper.application; includeInIndex = 0; path = EduMate.app; sourceTree = BUILT_PRODUCTS_DIR; };
		710067401E89504F0074CFED /* AppDelegate.swift */ = {isa = PBXFileReference; lastKnownFileType = sourcecode.swift; path = AppDelegate.swift; sourceTree = "<group>"; };
		710067421E89504F0074CFED /* ViewController.swift */ = {isa = PBXFileReference; lastKnownFileType = sourcecode.swift; path = ViewController.swift; sourceTree = "<group>"; };
		710067451E89504F0074CFED /* Base */ = {isa = PBXFileReference; lastKnownFileType = file.storyboard; name = Base; path = Base.lproj/Main.storyboard; sourceTree = "<group>"; };
		710067471E89504F0074CFED /* Assets.xcassets */ = {isa = PBXFileReference; lastKnownFileType = folder.assetcatalog; path = Assets.xcassets; sourceTree = "<group>"; };
		7100674A1E89504F0074CFED /* Base */ = {isa = PBXFileReference; lastKnownFileType = file.storyboard; name = Base; path = Base.lproj/LaunchScreen.storyboard; sourceTree = "<group>"; };
		7100674C1E89504F0074CFED /* Info.plist */ = {isa = PBXFileReference; lastKnownFileType = text.plist.xml; path = Info.plist; sourceTree = "<group>"; };
		7107FC431E897180003F6E93 /* MenuViewController.swift */ = {isa = PBXFileReference; fileEncoding = 4; lastKnownFileType = sourcecode.swift; path = MenuViewController.swift; sourceTree = "<group>"; };
		7107FC451E89779F003F6E93 /* SubjectViewController.swift */ = {isa = PBXFileReference; fileEncoding = 4; lastKnownFileType = sourcecode.swift; path = SubjectViewController.swift; sourceTree = "<group>"; };
		7107FC471E898A46003F6E93 /* xx.jpg */ = {isa = PBXFileReference; lastKnownFileType = image.jpeg; name = xx.jpg; path = ../../../xx.jpg; sourceTree = "<group>"; };
		7156B88D1EA8BBDD009B0B6C /* EditSubjectViewController.swift */ = {isa = PBXFileReference; fileEncoding = 4; lastKnownFileType = sourcecode.swift; path = EditSubjectViewController.swift; sourceTree = "<group>"; };
		7164C69A1E8BAC6800028E75 /* flat-face-icon-23.png */ = {isa = PBXFileReference; lastKnownFileType = image.png; name = "flat-face-icon-23.png"; path = "../../../flat-face-icon-23.png"; sourceTree = "<group>"; };
		7183E7571EB09974001AC417 /* EduMate_Login.jpg */ = {isa = PBXFileReference; lastKnownFileType = image.jpeg; path = EduMate_Login.jpg; sourceTree = "<group>"; };
		7183E7591EB09AB9001AC417 /* EduMate Icon Logo.png */ = {isa = PBXFileReference; lastKnownFileType = image.png; path = "EduMate Icon Logo.png"; sourceTree = "<group>"; };
		719AF6741EA79E7000017AD4 /* GoogleService-Info.plist */ = {isa = PBXFileReference; fileEncoding = 4; lastKnownFileType = text.plist.xml; path = "GoogleService-Info.plist"; sourceTree = "<group>"; };
		B40F1E5258518A28A449E670 /* Pods_EduMate.framework */ = {isa = PBXFileReference; explicitFileType = wrapper.framework; includeInIndex = 0; path = Pods_EduMate.framework; sourceTree = BUILT_PRODUCTS_DIR; };
		CACC742E10C595B643037A63 /* Pods-EduMate.debug.xcconfig */ = {isa = PBXFileReference; includeInIndex = 1; lastKnownFileType = text.xcconfig; name = "Pods-EduMate.debug.xcconfig"; path = "Pods/Target Support Files/Pods-EduMate/Pods-EduMate.debug.xcconfig"; sourceTree = "<group>"; };
/* End PBXFileReference section */

/* Begin PBXFrameworksBuildPhase section */
		7100673A1E89504F0074CFED /* Frameworks */ = {
			isa = PBXFrameworksBuildPhase;
			buildActionMask = 2147483647;
			files = (
				F36BE408F626E43595CD7C01 /* Pods_EduMate.framework in Frameworks */,
			);
			runOnlyForDeploymentPostprocessing = 0;
		};
/* End PBXFrameworksBuildPhase section */

/* Begin PBXGroup section */
		4CF1F56629330D9214C9B343 /* Pods */ = {
			isa = PBXGroup;
			children = (
				CACC742E10C595B643037A63 /* Pods-EduMate.debug.xcconfig */,
				1F812460D452CE1FD1BDA2B3 /* Pods-EduMate.release.xcconfig */,
			);
			name = Pods;
			sourceTree = "<group>";
		};
		54FD7C7B16345F9039AACDEB /* Frameworks */ = {
			isa = PBXGroup;
			children = (
				B40F1E5258518A28A449E670 /* Pods_EduMate.framework */,
			);
			name = Frameworks;
			sourceTree = "<group>";
		};
		710067341E89504F0074CFED = {
			isa = PBXGroup;
			children = (
				7100673F1E89504F0074CFED /* EduMate */,
				7100673E1E89504F0074CFED /* Products */,
				4CF1F56629330D9214C9B343 /* Pods */,
				54FD7C7B16345F9039AACDEB /* Frameworks */,
			);
			sourceTree = "<group>";
		};
		7100673E1E89504F0074CFED /* Products */ = {
			isa = PBXGroup;
			children = (
				7100673D1E89504F0074CFED /* EduMate.app */,
			);
			name = Products;
			sourceTree = "<group>";
		};
		7100673F1E89504F0074CFED /* EduMate */ = {
			isa = PBXGroup;
			children = (
				710067401E89504F0074CFED /* AppDelegate.swift */,
				710067421E89504F0074CFED /* ViewController.swift */,
				710067441E89504F0074CFED /* Main.storyboard */,
				7183E7591EB09AB9001AC417 /* EduMate Icon Logo.png */,
				7183E7571EB09974001AC417 /* EduMate_Login.jpg */,
				7164C69A1E8BAC6800028E75 /* flat-face-icon-23.png */,
				7107FC471E898A46003F6E93 /* xx.jpg */,
				710067471E89504F0074CFED /* Assets.xcassets */,
				710067491E89504F0074CFED /* LaunchScreen.storyboard */,
				7100674C1E89504F0074CFED /* Info.plist */,
				7107FC431E897180003F6E93 /* MenuViewController.swift */,
				7107FC451E89779F003F6E93 /* SubjectViewController.swift */,
				719AF6741EA79E7000017AD4 /* GoogleService-Info.plist */,
				7156B88D1EA8BBDD009B0B6C /* EditSubjectViewController.swift */,
			);
			path = EduMate;
			sourceTree = "<group>";
		};
/* End PBXGroup section */

/* Begin PBXNativeTarget section */
		7100673C1E89504F0074CFED /* EduMate */ = {
			isa = PBXNativeTarget;
			buildConfigurationList = 7100674F1E89504F0074CFED /* Build configuration list for PBXNativeTarget "EduMate" */;
			buildPhases = (
				03F06750B70F925EC53AB9EA /* [CP] Check Pods Manifest.lock */,
				710067391E89504F0074CFED /* Sources */,
				7100673A1E89504F0074CFED /* Frameworks */,
				7100673B1E89504F0074CFED /* Resources */,
				8BD64E7E62CC8CD710961F78 /* [CP] Embed Pods Frameworks */,
				D08738414262EFA64990158F /* [CP] Copy Pods Resources */,
			);
			buildRules = (
			);
			dependencies = (
			);
			name = EduMate;
			productName = EduMate;
			productReference = 7100673D1E89504F0074CFED /* EduMate.app */;
			productType = "com.apple.product-type.application";
		};
/* End PBXNativeTarget section */

/* Begin PBXProject section */
		710067351E89504F0074CFED /* Project object */ = {
			isa = PBXProject;
			attributes = {
				LastSwiftUpdateCheck = 0820;
				LastUpgradeCheck = 0820;
				ORGANIZATIONNAME = Phuwach;
				TargetAttributes = {
					7100673C1E89504F0074CFED = {
						CreatedOnToolsVersion = 8.2.1;
						DevelopmentTeam = 876M3Q56X3;
						ProvisioningStyle = Automatic;
					};
				};
			};
			buildConfigurationList = 710067381E89504F0074CFED /* Build configuration list for PBXProject "EduMate" */;
			compatibilityVersion = "Xcode 3.2";
			developmentRegion = English;
			hasScannedForEncodings = 0;
			knownRegions = (
				en,
				Base,
			);
			mainGroup = 710067341E89504F0074CFED;
			productRefGroup = 7100673E1E89504F0074CFED /* Products */;
			projectDirPath = "";
			projectRoot = "";
			targets = (
				7100673C1E89504F0074CFED /* EduMate */,
			);
		};
/* End PBXProject section */

/* Begin PBXResourcesBuildPhase section */
		7100673B1E89504F0074CFED /* Resources */ = {
			isa = PBXResourcesBuildPhase;
			buildActionMask = 2147483647;
			files = (
				7100674B1E89504F0074CFED /* LaunchScreen.storyboard in Resources */,
				7107FC481E898A46003F6E93 /* xx.jpg in Resources */,
				710067481E89504F0074CFED /* Assets.xcassets in Resources */,
				7183E7581EB09974001AC417 /* EduMate_Login.jpg in Resources */,
				7164C69B1E8BAC6800028E75 /* flat-face-icon-23.png in Resources */,
				710067461E89504F0074CFED /* Main.storyboard in Resources */,
				719AF6751EA79E7000017AD4 /* GoogleService-Info.plist in Resources */,
				7183E75A1EB09AB9001AC417 /* EduMate Icon Logo.png in Resources */,
			);
			runOnlyForDeploymentPostprocessing = 0;
		};
/* End PBXResourcesBuildPhase section */

/* Begin PBXShellScriptBuildPhase section */
		03F06750B70F925EC53AB9EA /* [CP] Check Pods Manifest.lock */ = {
			isa = PBXShellScriptBuildPhase;
			buildActionMask = 2147483647;
			files = (
			);
			inputPaths = (
			);
			name = "[CP] Check Pods Manifest.lock";
			outputPaths = (
			);
			runOnlyForDeploymentPostprocessing = 0;
			shellPath = /bin/sh;
			shellScript = "diff \"${PODS_PODFILE_DIR_PATH}/Podfile.lock\" \"${PODS_ROOT}/Manifest.lock\" > /dev/null\nif [ $? != 0 ] ; then\n    # print error to STDERR\n    echo \"error: The sandbox is not in sync with the Podfile.lock. Run 'pod install' or update your CocoaPods installation.\" >&2\n    exit 1\nfi\n";
			showEnvVarsInLog = 0;
		};
		8BD64E7E62CC8CD710961F78 /* [CP] Embed Pods Frameworks */ = {
			isa = PBXShellScriptBuildPhase;
			buildActionMask = 2147483647;
			files = (
			);
			inputPaths = (
			);
			name = "[CP] Embed Pods Frameworks";
			outputPaths = (
			);
			runOnlyForDeploymentPostprocessing = 0;
			shellPath = /bin/sh;
			shellScript = "\"${SRCROOT}/Pods/Target Support Files/Pods-EduMate/Pods-EduMate-frameworks.sh\"\n";
			showEnvVarsInLog = 0;
		};
		D08738414262EFA64990158F /* [CP] Copy Pods Resources */ = {
			isa = PBXShellScriptBuildPhase;
			buildActionMask = 2147483647;
			files = (
			);
			inputPaths = (
			);
			name = "[CP] Copy Pods Resources";
			outputPaths = (
			);
			runOnlyForDeploymentPostprocessing = 0;
			shellPath = /bin/sh;
			shellScript = "\"${SRCROOT}/Pods/Target Support Files/Pods-EduMate/Pods-EduMate-resources.sh\"\n";
			showEnvVarsInLog = 0;
		};
/* End PBXShellScriptBuildPhase section */

/* Begin PBXSourcesBuildPhase section */
		710067391E89504F0074CFED /* Sources */ = {
			isa = PBXSourcesBuildPhase;
			buildActionMask = 2147483647;
			files = (
				7156B88E1EA8BBDD009B0B6C /* EditSubjectViewController.swift in Sources */,
				710067431E89504F0074CFED /* ViewController.swift in Sources */,
				7107FC461E89779F003F6E93 /* SubjectViewController.swift in Sources */,
				7107FC441E897180003F6E93 /* MenuViewController.swift in Sources */,
				710067411E89504F0074CFED /* AppDelegate.swift in Sources */,
			);
			runOnlyForDeploymentPostprocessing = 0;
		};
/* End PBXSourcesBuildPhase section */

/* Begin PBXVariantGroup section */
		710067441E89504F0074CFED /* Main.storyboard */ = {
			isa = PBXVariantGroup;
			children = (
				710067451E89504F0074CFED /* Base */,
			);
			name = Main.storyboard;
			sourceTree = "<group>";
		};
		710067491E89504F0074CFED /* LaunchScreen.storyboard */ = {
			isa = PBXVariantGroup;
			children = (
				7100674A1E89504F0074CFED /* Base */,
			);
			name = LaunchScreen.storyboard;
			sourceTree = "<group>";
		};
/* End PBXVariantGroup section */

/* Begin XCBuildConfiguration section */
		7100674D1E89504F0074CFED /* Debug */ = {
			isa = XCBuildConfiguration;
			buildSettings = {
				ALWAYS_SEARCH_USER_PATHS = NO;
				CLANG_ANALYZER_NONNULL = YES;
				CLANG_CXX_LANGUAGE_STANDARD = "gnu++0x";
				CLANG_CXX_LIBRARY = "libc++";
				CLANG_ENABLE_MODULES = YES;
				CLANG_ENABLE_OBJC_ARC = YES;
				CLANG_WARN_BOOL_CONVERSION = YES;
				CLANG_WARN_CONSTANT_CONVERSION = YES;
				CLANG_WARN_DIRECT_OBJC_ISA_USAGE = YES_ERROR;
				CLANG_WARN_DOCUMENTATION_COMMENTS = YES;
				CLANG_WARN_EMPTY_BODY = YES;
				CLANG_WARN_ENUM_CONVERSION = YES;
				CLANG_WARN_INFINITE_RECURSION = YES;
				CLANG_WARN_INT_CONVERSION = YES;
				CLANG_WARN_OBJC_ROOT_CLASS = YES_ERROR;
				CLANG_WARN_SUSPICIOUS_MOVE = YES;
				CLANG_WARN_UNREACHABLE_CODE = YES;
				CLANG_WARN__DUPLICATE_METHOD_MATCH = YES;
				"CODE_SIGN_IDENTITY[sdk=iphoneos*]" = "iPhone Developer";
				COPY_PHASE_STRIP = NO;
				DEBUG_INFORMATION_FORMAT = dwarf;
				ENABLE_STRICT_OBJC_MSGSEND = YES;
				ENABLE_TESTABILITY = YES;
				GCC_C_LANGUAGE_STANDARD = gnu99;
				GCC_DYNAMIC_NO_PIC = NO;
				GCC_NO_COMMON_BLOCKS = YES;
				GCC_OPTIMIZATION_LEVEL = 0;
				GCC_PREPROCESSOR_DEFINITIONS = (
					"DEBUG=1",
					"$(inherited)",
				);
				GCC_WARN_64_TO_32_BIT_CONVERSION = YES;
				GCC_WARN_ABOUT_RETURN_TYPE = YES_ERROR;
				GCC_WARN_UNDECLARED_SELECTOR = YES;
				GCC_WARN_UNINITIALIZED_AUTOS = YES_AGGRESSIVE;
				GCC_WARN_UNUSED_FUNCTION = YES;
				GCC_WARN_UNUSED_VARIABLE = YES;
				IPHONEOS_DEPLOYMENT_TARGET = 10.2;
				MTL_ENABLE_DEBUG_INFO = YES;
				ONLY_ACTIVE_ARCH = YES;
				SDKROOT = iphoneos;
				SWIFT_ACTIVE_COMPILATION_CONDITIONS = DEBUG;
				SWIFT_OPTIMIZATION_LEVEL = "-Onone";
			};
			name = Debug;
		};
		7100674E1E89504F0074CFED /* Release */ = {
			isa = XCBuildConfiguration;
			buildSettings = {
				ALWAYS_SEARCH_USER_PATHS = NO;
				CLANG_ANALYZER_NONNULL = YES;
				CLANG_CXX_LANGUAGE_STANDARD = "gnu++0x";
				CLANG_CXX_LIBRARY = "libc++";
				CLANG_ENABLE_MODULES = YES;
				CLANG_ENABLE_OBJC_ARC = YES;
				CLANG_WARN_BOOL_CONVERSION = YES;
				CLANG_WARN_CONSTANT_CONVERSION = YES;
				CLANG_WARN_DIRECT_OBJC_ISA_USAGE = YES_ERROR;
				CLANG_WARN_DOCUMENTATION_COMMENTS = YES;
				CLANG_WARN_EMPTY_BODY = YES;
				CLANG_WARN_ENUM_CONVERSION = YES;
				CLANG_WARN_INFINITE_RECURSION = YES;
				CLANG_WARN_INT_CONVERSION = YES;
				CLANG_WARN_OBJC_ROOT_CLASS = YES_ERROR;
				CLANG_WARN_SUSPICIOUS_MOVE = YES;
				CLANG_WARN_UNREACHABLE_CODE = YES;
				CLANG_WARN__DUPLICATE_METHOD_MATCH = YES;
				"CODE_SIGN_IDENTITY[sdk=iphoneos*]" = "iPhone Developer";
				COPY_PHASE_STRIP = NO;
				DEBUG_INFORMATION_FORMAT = "dwarf-with-dsym";
				ENABLE_NS_ASSERTIONS = NO;
				ENABLE_STRICT_OBJC_MSGSEND = YES;
				GCC_C_LANGUAGE_STANDARD = gnu99;
				GCC_NO_COMMON_BLOCKS = YES;
				GCC_WARN_64_TO_32_BIT_CONVERSION = YES;
				GCC_WARN_ABOUT_RETURN_TYPE = YES_ERROR;
				GCC_WARN_UNDECLARED_SELECTOR = YES;
				GCC_WARN_UNINITIALIZED_AUTOS = YES_AGGRESSIVE;
				GCC_WARN_UNUSED_FUNCTION = YES;
				GCC_WARN_UNUSED_VARIABLE = YES;
				IPHONEOS_DEPLOYMENT_TARGET = 10.2;
				MTL_ENABLE_DEBUG_INFO = NO;
				SDKROOT = iphoneos;
				SWIFT_OPTIMIZATION_LEVEL = "-Owholemodule";
				VALIDATE_PRODUCT = YES;
			};
			name = Release;
		};
		710067501E89504F0074CFED /* Debug */ = {
			isa = XCBuildConfiguration;
			baseConfigurationReference = CACC742E10C595B643037A63 /* Pods-EduMate.debug.xcconfig */;
			buildSettings = {
				ASSETCATALOG_COMPILER_APPICON_NAME = AppIcon;
				DEVELOPMENT_TEAM = 876M3Q56X3;
				FRAMEWORK_SEARCH_PATHS = (
					"$(inherited)",
					"$(PROJECT_DIR)",
				);
				INFOPLIST_FILE = EduMate/Info.plist;
				LD_RUNPATH_SEARCH_PATHS = "$(inherited) @executable_path/Frameworks";
				PRODUCT_BUNDLE_IDENTIFIER = th.co.phuwach.EduMate;
				PRODUCT_NAME = "$(TARGET_NAME)";
				SWIFT_VERSION = 3.0;
			};
			name = Debug;
		};
		710067511E89504F0074CFED /* Release */ = {
			isa = XCBuildConfiguration;
			baseConfigurationReference = 1F812460D452CE1FD1BDA2B3 /* Pods-EduMate.release.xcconfig */;
			buildSettings = {
				ASSETCATALOG_COMPILER_APPICON_NAME = AppIcon;
				DEVELOPMENT_TEAM = 876M3Q56X3;
				FRAMEWORK_SEARCH_PATHS = (
					"$(inherited)",
					"$(PROJECT_DIR)",
				);
				INFOPLIST_FILE = EduMate/Info.plist;
				LD_RUNPATH_SEARCH_PATHS = "$(inherited) @executable_path/Frameworks";
				PRODUCT_BUNDLE_IDENTIFIER = th.co.phuwach.EduMate;
				PRODUCT_NAME = "$(TARGET_NAME)";
				SWIFT_VERSION = 3.0;
			};
			name = Release;
		};
/* End XCBuildConfiguration section */

/* Begin XCConfigurationList section */
		710067381E89504F0074CFED /* Build configuration list for PBXProject "EduMate" */ = {
			isa = XCConfigurationList;
			buildConfigurations = (
				7100674D1E89504F0074CFED /* Debug */,
				7100674E1E89504F0074CFED /* Release */,
			);
			defaultConfigurationIsVisible = 0;
			defaultConfigurationName = Release;
		};
		7100674F1E89504F0074CFED /* Build configuration list for PBXNativeTarget "EduMate" */ = {
			isa = XCConfigurationList;
			buildConfigurations = (
				710067501E89504F0074CFED /* Debug */,
				710067511E89504F0074CFED /* Release */,
			);
			defaultConfigurationIsVisible = 0;
			defaultConfigurationName = Release;
		};
/* End XCConfigurationList section */
	};
	rootObject = 710067351E89504F0074CFED /* Project object */;
}
